
Microsoft Visual Studio Solution File, Format Version 12.00
# Visual Studio 15
VisualStudioVersion = 15.0.26730.15
MinimumVisualStudioVersion = 10.0.40219.1
Project("{FAE04EC0-301F-11D3-BF4B-00C04F79EFBC}") = "jira-diagrams", "jira-diagrams\jira-diagrams.csproj", "{DE1B2198-61A4-4493-9952-604BCE872EC4}"
EndProject
Global
	GlobalSection(SolutionConfigurationPlatforms) = preSolution
		Debug|Any CPU = Debug|Any CPU
		Release|Any CPU = Release|Any CPU
	EndGlobalSection
	GlobalSection(ProjectConfigurationPlatforms) = postSolution
		{DE1B2198-61A4-4493-9952-604BCE872EC4}.Debug|Any CPU.ActiveCfg = Debug|Any CPU
		{DE1B2198-61A4-4493-9952-604BCE872EC4}.Debug|Any CPU.Build.0 = Debug|Any CPU
		{DE1B2198-61A4-4493-9952-604BCE872EC4}.Release|Any CPU.ActiveCfg = Release|Any CPU
		{DE1B2198-61A4-4493-9952-604BCE872EC4}.Release|Any CPU.Build.0 = Release|Any CPU
	EndGlobalSection
	GlobalSection(SolutionProperties) = preSolution
		HideSolutionNode = FALSE
	EndGlobalSection
	GlobalSection(ExtensibilityGlobals) = postSolution
		SolutionGuid = {4683F4ED-1BE6-450B-A2F8-BDD791D2E02E}
	EndGlobalSection
EndGlobal
